<?xml version="1.0" encoding="utf-8"?>
<Project ToolsVersion="4.0" xmlns="http://schemas.microsoft.com/developer/msbuild/2003">
  <ItemGroup>
    <Filter Include="Source Files">
      <UniqueIdentifier>{4FC737F1-C7A5-4376-A066-2A32D752A2FF}</UniqueIdentifier>
      <Extensions>cpp;c;cc;cxx;def;odl;idl;hpj;bat;asm;asmx</Extensions>
    </Filter>
    <Filter Include="Header Files">
      <UniqueIdentifier>{93995380-89BD-4b04-88EB-625FBE52EBFB}</UniqueIdentifier>
      <Extensions>h;hh;hpp;hxx;hm;inl;inc;xsd</Extensions>
    </Filter>
    <Filter Include="Resource Files">
      <UniqueIdentifier>{67DA6AB6-F800-4c08-8B7A-83BB121AAD01}</UniqueIdentifier>
      <Extensions>rc;ico;cur;bmp;dlg;rc2;rct;bin;rgs;gif;jpg;jpeg;jpe;resx;tiff;tif;png;wav;mfcribbon-ms</Extensions>
    </Filter>
    <Filter Include="Source Files\Bodyparts">
      <UniqueIdentifier>{b32ee920-60e5-40d3-bfb3-427dcc8bd3bd}</UniqueIdentifier>
    </Filter>
    <Filter Include="Header Files\Bodyparts">
      <UniqueIdentifier>{1b054b4d-582d-46f9-80b1-1f5b31410ed3}</UniqueIdentifier>
    </Filter>
    <Filter Include="Header Files\Bodyparts\Arms">
      <UniqueIdentifier>{7a762dfa-65b0-4d9c-bb48-63942bfefa8c}</UniqueIdentifier>
    </Filter>
    <Filter Include="Source Files\Bodyparts\Arms">
      <UniqueIdentifier>{01adc2c5-2744-4690-88af-432b7c685da5}</UniqueIdentifier>
    </Filter>
    <Filter Include="Interfaces">
      <UniqueIdentifier>{6517f2ee-bb3f-4fd6-aaaa-bc6426d4769e}</UniqueIdentifier>
    </Filter>
  </ItemGroup>
  <ItemGroup>
    <ClInclude Include="MinimalOgre.h">
      <Filter>Header Files</Filter>
    </ClInclude>
    <ClInclude Include="Main.h">
      <Filter>Header Files</Filter>
    </ClInclude>
    <ClInclude Include="MainCamera.h">
      <Filter>Header Files</Filter>
    </ClInclude>
    <ClInclude Include="InputManager.h">
      <Filter>Header Files</Filter>
    </ClInclude>
    <ClInclude Include="GameManager.h">
      <Filter>Header Files</Filter>
    </ClInclude>
    <ClInclude Include="EntityTest.h">
      <Filter>Header Files</Filter>
    </ClInclude>
    <ClInclude Include="Player.h">
      <Filter>Header Files</Filter>
    </ClInclude>
    <ClInclude Include="EnemyManager.h">
      <Filter>Header Files</Filter>
    </ClInclude>
    <ClInclude Include="Enemy.h">
      <Filter>Header Files</Filter>
    </ClInclude>
    <ClInclude Include="Matth.h">
      <Filter>Header Files</Filter>
    </ClInclude>
    <ClInclude Include="BodyPart.h">
      <Filter>Header Files\Bodyparts</Filter>
    </ClInclude>
    <ClInclude Include="Arm.h">
      <Filter>Header Files\Bodyparts</Filter>
    </ClInclude>
    <ClInclude Include="BodyPartManager.h">
      <Filter>Header Files</Filter>
    </ClInclude>
    <ClInclude Include="Leg.h">
      <Filter>Header Files\Bodyparts</Filter>
    </ClInclude>
    <ClInclude Include="GroundSmashArm.h">
      <Filter>Header Files\Bodyparts\Arms</Filter>
    </ClInclude>
    <ClInclude Include="RangedAttackArm.h">
      <Filter>Header Files\Bodyparts\Arms</Filter>
    </ClInclude>
    <ClInclude Include="AbilityInterface.h">
      <Filter>Interfaces</Filter>
    </ClInclude>
    <ClInclude Include="EnemyPatternManager.h">
      <Filter>Header Files</Filter>
    </ClInclude>
    <ClInclude Include="Equipment.h">
      <Filter>Header Files</Filter>
    </ClInclude>
    <ClInclude Include="Meat.h">
      <Filter>Header Files</Filter>
    </ClInclude>
    <ClInclude Include="SoundManager.h">
      <Filter>Header Files</Filter>
    </ClInclude>
    <ClInclude Include="resource.h">
      <Filter>Header Files</Filter>
    </ClInclude>
    <ClInclude Include="Menu.h">
      <Filter>Header Files</Filter>
    </ClInclude>
  </ItemGroup>
  <ItemGroup>
    <ClCompile Include="MinimalOgre.cpp">
      <Filter>Source Files</Filter>
    </ClCompile>
    <ClCompile Include="Main.cpp">
      <Filter>Source Files</Filter>
    </ClCompile>
    <ClCompile Include="MainCamera.cpp">
      <Filter>Source Files</Filter>
    </ClCompile>
    <ClCompile Include="InputManager.cpp">
      <Filter>Source Files</Filter>
    </ClCompile>
    <ClCompile Include="GameManager.cpp">
      <Filter>Source Files</Filter>
    </ClCompile>
    <ClCompile Include="EntityTest.cpp">
      <Filter>Source Files</Filter>
    </ClCompile>
    <ClCompile Include="Player.cpp">
      <Filter>Source Files</Filter>
    </ClCompile>
    <ClCompile Include="EnemyManager.cpp">
      <Filter>Source Files</Filter>
    </ClCompile>
    <ClCompile Include="Enemy.cpp">
      <Filter>Source Files</Filter>
    </ClCompile>
    <ClCompile Include="Matth.cpp">
      <Filter>Source Files</Filter>
    </ClCompile>
    <ClCompile Include="BodyPart.cpp">
      <Filter>Source Files\Bodyparts</Filter>
    </ClCompile>
    <ClCompile Include="Arm.cpp">
      <Filter>Source Files\Bodyparts</Filter>
    </ClCompile>
    <ClCompile Include="BodyPartManager.cpp">
      <Filter>Source Files</Filter>
    </ClCompile>
    <ClCompile Include="Leg.cpp">
      <Filter>Source Files\Bodyparts</Filter>
    </ClCompile>
    <ClCompile Include="GroundSmashArm.cpp">
      <Filter>Source Files\Bodyparts\Arms</Filter>
    </ClCompile>
    <ClCompile Include="RangedAttackArm.cpp">
      <Filter>Source Files\Bodyparts\Arms</Filter>
    </ClCompile>
    <ClCompile Include="AbilityInterface.cpp">
      <Filter>Interfaces</Filter>
    </ClCompile>
    <ClCompile Include="EnemyPatternManager.cpp">
      <Filter>Source Files</Filter>
    </ClCompile>
    <ClCompile Include="Equipment.cpp">
      <Filter>Source Files</Filter>
    </ClCompile>
    <ClCompile Include="Meat.cpp">
      <Filter>Source Files</Filter>
    </ClCompile>
    <ClCompile Include="SoundManager.cpp">
      <Filter>Source Files</Filter>
    </ClCompile>
    <ClCompile Include="Menu.cpp">
      <Filter>Source Files</Filter>
    </ClCompile>
  </ItemGroup>
</Project>