<?xml version="1.0" encoding="utf-8"?>
<Project ToolsVersion="4.0" xmlns="http://schemas.microsoft.com/developer/msbuild/2003">
  <ItemGroup>
    <ClCompile Include="AbilityAttackAOE.cpp">
      <Filter>Source</Filter>
    </ClCompile>
    <ClCompile Include="AbilityInterface.cpp">
      <Filter>Source</Filter>
    </ClCompile>
    <ClCompile Include="AbilityMovement.cpp">
      <Filter>Source</Filter>
    </ClCompile>
    <ClCompile Include="Arm.cpp">
      <Filter>Source</Filter>
    </ClCompile>
    <ClCompile Include="BodyPart.cpp">
      <Filter>Source</Filter>
    </ClCompile>
    <ClCompile Include="BodyPartManager.cpp">
      <Filter>Source</Filter>
    </ClCompile>
    <ClCompile Include="Enemy.cpp">
      <Filter>Source</Filter>
    </ClCompile>
    <ClCompile Include="EnemyEquipment.cpp">
      <Filter>Source</Filter>
    </ClCompile>
    <ClCompile Include="EnemyManager.cpp">
      <Filter>Source</Filter>
    </ClCompile>
    <ClCompile Include="EnemyPatternManager.cpp">
      <Filter>Source</Filter>
    </ClCompile>
    <ClCompile Include="EntityTest.cpp">
      <Filter>Source</Filter>
    </ClCompile>
    <ClCompile Include="Equipment.cpp">
      <Filter>Source</Filter>
    </ClCompile>
    <ClCompile Include="GameManager.cpp">
      <Filter>Source</Filter>
    </ClCompile>
    <ClCompile Include="GameScene.cpp">
      <Filter>Source</Filter>
    </ClCompile>
    <ClCompile Include="GroundSmashArm.cpp">
      <Filter>Source</Filter>
    </ClCompile>
    <ClCompile Include="IAbilityAttack.cpp">
      <Filter>Source</Filter>
    </ClCompile>
    <ClCompile Include="InputManager.cpp">
      <Filter>Source</Filter>
    </ClCompile>
    <ClCompile Include="IScene.cpp">
      <Filter>Source</Filter>
    </ClCompile>
    <ClCompile Include="Leg.cpp">
      <Filter>Source</Filter>
    </ClCompile>
    <ClCompile Include="LevelLoader.cpp">
      <Filter>Source</Filter>
    </ClCompile>
    <ClCompile Include="Main.cpp">
      <Filter>Source</Filter>
    </ClCompile>
    <ClCompile Include="MainCamera.cpp">
      <Filter>Source</Filter>
    </ClCompile>
    <ClCompile Include="MainMenuScene.cpp">
      <Filter>Source</Filter>
    </ClCompile>
    <ClCompile Include="Matth.cpp">
      <Filter>Source</Filter>
    </ClCompile>
    <ClCompile Include="Meat.cpp">
      <Filter>Source</Filter>
    </ClCompile>
    <ClCompile Include="MinimalOgre.cpp">
      <Filter>Source</Filter>
    </ClCompile>
    <ClCompile Include="Player.cpp">
      <Filter>Source</Filter>
    </ClCompile>
    <ClCompile Include="RangedAttackArm.cpp">
      <Filter>Source</Filter>
    </ClCompile>
    <ClCompile Include="SoundManager.cpp">
      <Filter>Source</Filter>
    </ClCompile>
    <ClCompile Include="UI.cpp">
      <Filter>Source</Filter>
    </ClCompile>
  </ItemGroup>
  <ItemGroup>
    <ClInclude Include="AbilityAttackAOE.h">
      <Filter>Headers</Filter>
    </ClInclude>
    <ClInclude Include="AbilityInterface.h">
      <Filter>Headers</Filter>
    </ClInclude>
    <ClInclude Include="UI.h">
      <Filter>Headers</Filter>
    </ClInclude>
    <ClInclude Include="SoundManager.h">
      <Filter>Headers</Filter>
    </ClInclude>
    <ClInclude Include="resource.h">
      <Filter>Headers</Filter>
    </ClInclude>
    <ClInclude Include="RangedAttackArm.h">
      <Filter>Headers</Filter>
    </ClInclude>
    <ClInclude Include="Player.h">
      <Filter>Headers</Filter>
    </ClInclude>
    <ClInclude Include="MinimalOgre.h">
      <Filter>Headers</Filter>
    </ClInclude>
    <ClInclude Include="Meat.h">
      <Filter>Headers</Filter>
    </ClInclude>
    <ClInclude Include="Matth.h">
      <Filter>Headers</Filter>
    </ClInclude>
    <ClInclude Include="MainMenuScene.h">
      <Filter>Headers</Filter>
    </ClInclude>
    <ClInclude Include="MainCamera.h">
      <Filter>Headers</Filter>
    </ClInclude>
    <ClInclude Include="Main.h">
      <Filter>Headers</Filter>
    </ClInclude>
    <ClInclude Include="LevelLoader.h">
      <Filter>Headers</Filter>
    </ClInclude>
    <ClInclude Include="Leg.h">
      <Filter>Headers</Filter>
    </ClInclude>
    <ClInclude Include="IScene.h">
      <Filter>Headers</Filter>
    </ClInclude>
    <ClInclude Include="InputManager.h">
      <Filter>Headers</Filter>
    </ClInclude>
    <ClInclude Include="IAbilityAttack.h">
      <Filter>Headers</Filter>
    </ClInclude>
    <ClInclude Include="GroundSmashArm.h">
      <Filter>Headers</Filter>
    </ClInclude>
    <ClInclude Include="GameScene.h">
      <Filter>Headers</Filter>
    </ClInclude>
    <ClInclude Include="GameManager.h">
      <Filter>Headers</Filter>
    </ClInclude>
    <ClInclude Include="Equipment.h">
      <Filter>Headers</Filter>
    </ClInclude>
    <ClInclude Include="EntityTest.h">
      <Filter>Headers</Filter>
    </ClInclude>
    <ClInclude Include="EnemyPatternManager.h">
      <Filter>Headers</Filter>
    </ClInclude>
    <ClInclude Include="EnemyManager.h">
      <Filter>Headers</Filter>
    </ClInclude>
    <ClInclude Include="EnemyEquipment.h">
      <Filter>Headers</Filter>
    </ClInclude>
    <ClInclude Include="Enemy.h">
      <Filter>Headers</Filter>
    </ClInclude>
    <ClInclude Include="BodyPartManager.h">
      <Filter>Headers</Filter>
    </ClInclude>
    <ClInclude Include="BodyPart.h">
      <Filter>Headers</Filter>
    </ClInclude>
    <ClInclude Include="Arm.h">
      <Filter>Headers</Filter>
    </ClInclude>
    <ClInclude Include="AbilityMovement.h">
      <Filter>Headers</Filter>
    </ClInclude>
  </ItemGroup>
  <ItemGroup>
    <Filter Include="Headers">
      <UniqueIdentifier>{40a1f683-0cdf-4a5b-b91d-759faf8c036a}</UniqueIdentifier>
    </Filter>
    <Filter Include="Source">
      <UniqueIdentifier>{c3cf97c2-0bc7-4986-9b8f-9d755cc115f3}</UniqueIdentifier>
    </Filter>
  </ItemGroup>
</Project>