<?xml version="1.0" encoding="utf-8"?>
<Project ToolsVersion="4.0" xmlns="http://schemas.microsoft.com/developer/msbuild/2003">
  <ItemGroup>
    <ClCompile Include="AbilityAttackAOE.cpp" />
    <ClCompile Include="AbilityInterface.cpp" />
    <ClCompile Include="AbilityMovement.cpp" />
    <ClCompile Include="Arm.cpp" />
    <ClCompile Include="BodyPart.cpp" />
    <ClCompile Include="BodyPartManager.cpp" />
    <ClCompile Include="Enemy.cpp" />
    <ClCompile Include="EnemyEquipment.cpp" />
    <ClCompile Include="EnemyManager.cpp" />
    <ClCompile Include="EnemyPatternManager.cpp" />
    <ClCompile Include="EntityTest.cpp" />
    <ClCompile Include="Equipment.cpp" />
    <ClCompile Include="GameManager.cpp" />
    <ClCompile Include="GroundSmashArm.cpp" />
    <ClCompile Include="IAbilityAttack.cpp" />
    <ClCompile Include="InputManager.cpp" />
    <ClCompile Include="IScene.cpp" />
    <ClCompile Include="Leg.cpp" />
    <ClCompile Include="LevelLoader.cpp" />
    <ClCompile Include="MainCamera.cpp" />
    <ClCompile Include="Main.cpp" />
    <ClCompile Include="Matth.cpp" />
    <ClCompile Include="Meat.cpp" />
    <ClCompile Include="MinimalOgre.cpp" />
    <ClCompile Include="Player.cpp" />
    <ClCompile Include="MainMenuScene.cpp" />
    <ClCompile Include="GameScene.cpp" />
    <ClCompile Include="SoundManager.cpp" />
    <ClCompile Include="RangedAttackArm.cpp" />
    <ClCompile Include="UI.cpp" />
    <ClCompile Include="GenerateBodyPart.cpp" />
    <ClCompile Include="IAbilityMovement.cpp" />
    <ClCompile Include="Dungeon.cpp" />
  </ItemGroup>
  <ItemGroup>
    <ClInclude Include="IAbilityAttack.h" />
    <ClInclude Include="AbilityAttackAOE.h" />
    <ClInclude Include="AbilityInterface.h" />
    <ClInclude Include="AbilityMovement.h" />
    <ClInclude Include="Arm.h" />
    <ClInclude Include="BodyPart.h" />
    <ClInclude Include="BodyPartManager.h" />
    <ClInclude Include="Enemy.h" />
    <ClInclude Include="EnemyEquipment.h" />
    <ClInclude Include="EnemyManager.h" />
    <ClInclude Include="EnemyPatternManager.h" />
    <ClInclude Include="EntityTest.h" />
    <ClInclude Include="Equipment.h" />
    <ClInclude Include="GameManager.h" />
    <ClInclude Include="GroundSmashArm.h" />
    <ClInclude Include="InputManager.h" />
    <ClInclude Include="IScene.h" />
    <ClInclude Include="Leg.h" />
    <ClInclude Include="LevelLoader.h" />
    <ClInclude Include="MainCamera.h" />
    <ClInclude Include="Main.h" />
    <ClInclude Include="Matth.h" />
    <ClInclude Include="Meat.h" />
    <ClInclude Include="MinimalOgre.h" />
    <ClInclude Include="Player.h" />
    <ClInclude Include="resource.h" />
    <ClInclude Include="MainMenuScene.h" />
    <ClInclude Include="GameScene.h" />
    <ClInclude Include="SoundManager.h" />
    <ClInclude Include="RangedAttackArm.h" />
    <ClInclude Include="UI.h" />
    <ClInclude Include="GenerateBodyPart.h" />
    <ClInclude Include="IAbilityMovement.h" />
    <ClInclude Include="Dungeon.h" />
  </ItemGroup>
  <ItemGroup>
    <ClCompile Include="MinimalOgre.cpp">
      <Filter>Source Files</Filter>
    </ClCompile>
    <ClCompile Include="Main.cpp">
      <Filter>Source Files</Filter>
    </ClCompile>
    <ClCompile Include="MainCamera.cpp">
      <Filter>Source Files</Filter>
    </ClCompile>
    <ClCompile Include="InputManager.cpp">
      <Filter>Source Files</Filter>
    </ClCompile>
    <ClCompile Include="GameManager.cpp">
      <Filter>Source Files</Filter>
    </ClCompile>
    <ClCompile Include="EntityTest.cpp">
      <Filter>Source Files</Filter>
    </ClCompile>
    <ClCompile Include="Player.cpp">
      <Filter>Source Files</Filter>
    </ClCompile>
    <ClCompile Include="EnemyManager.cpp">
      <Filter>Source Files</Filter>
    </ClCompile>
    <ClCompile Include="Enemy.cpp">
      <Filter>Source Files</Filter>
    </ClCompile>
    <ClCompile Include="Matth.cpp">
      <Filter>Source Files</Filter>
    </ClCompile>
    <ClCompile Include="BodyPart.cpp">
      <Filter>Source Files\Bodyparts</Filter>
    </ClCompile>
    <ClCompile Include="Arm.cpp">
      <Filter>Source Files\Bodyparts</Filter>
    </ClCompile>
    <ClCompile Include="BodyPartManager.cpp">
      <Filter>Source Files</Filter>
    </ClCompile>
    <ClCompile Include="Leg.cpp">
      <Filter>Source Files\Bodyparts</Filter>
    </ClCompile>
    <ClCompile Include="GroundSmashArm.cpp">
      <Filter>Source Files\Bodyparts\Arms</Filter>
    </ClCompile>
    <ClCompile Include="RangedAttackArm.cpp">
      <Filter>Source Files\Bodyparts\Arms</Filter>
    </ClCompile>
    <ClCompile Include="AbilityInterface.cpp">
      <Filter>Interfaces</Filter>
    </ClCompile>
    <ClCompile Include="Equipment.cpp">
      <Filter>Source Files</Filter>
    </ClCompile>
    <ClCompile Include="Meat.cpp">
      <Filter>Source Files</Filter>
    </ClCompile>
    <ClCompile Include="SoundManager.cpp">
      <Filter>Source Files</Filter>
    </ClCompile>
    <ClCompile Include="EnemyPatternManager.cpp">
      <Filter>Source Files</Filter>
    </ClCompile>
    <ClCompile Include="EnemyAI.cpp">
      <Filter>Source Files</Filter>
    </ClCompile>
  </ItemGroup>
</Project>